lockfileVersion: '9.0'

settings:
  autoInstallPeers: true
  excludeLinksFromLockfile: false

overrides:
  wagmi: 2.12.0
  viem: 2.21.0
  '@wagmi/core': 2.13.0
  '@wagmi/connectors': 5.1.0

importers:

  .:
    devDependencies:
      '@types/node':
        specifier: ^20.0.0
        version: 20.19.40
      '@types/pg':
        specifier: ^8.20.0
        version: 8.20.0
      bullmq:
        specifier: ^5.34.5
        version: 5.76.6
      eslint:
        specifier: ^8.57.0
        version: 8.57.1
      ioredis:
        specifier: ^5.4.1
        version: 5.10.1
      pg:
        specifier: ^8.20.0
        version: 8.20.0
      prettier:
        specifier: ^3.3.0
        version: 3.8.3
      tsx:
        specifier: ^4.21.0
        version: 4.21.0
      typescript:
        specifier: ^5.4.0
        version: 5.9.3
      vitest:
        specifier: ^1.6.0
        version: 1.6.1(@types/node@20.19.40)(terser@5.47.1)
